
Microsoft Visual Studio Solution File, Format Version 12.00
# Visual Studio Version 17
VisualStudioVersion = 17.5.002.0
MinimumVisualStudioVersion = 10.0.40219.1
Project("{9A19103F-16F7-4668-BE54-9A1E7A4F7556}") = "day01", "day01\day01.csproj", "{6214E7F6-351F-4A59-843C-2AF0718FA4DE}"
EndProject
Project("{FAE04EC0-301F-11D3-BF4B-00C04F79EFBC}") = "day02", "day02\day02.csproj", "{D8B3DAB0-E46F-4D16-A201-AFE4227D996C}"
EndProject
Project("{FAE04EC0-301F-11D3-BF4B-00C04F79EFBC}") = "day03", "day03\day03.csproj", "{957F5D3F-81C3-47E4-ADA7-FF069B02FB63}"
EndProject
Project("{FAE04EC0-301F-11D3-BF4B-00C04F79EFBC}") = "day04", "day04\day04.csproj", "{13E2C3DE-6FAE-421B-93C6-D25D27C4082C}"
EndProject
Project("{FAE04EC0-301F-11D3-BF4B-00C04F79EFBC}") = "day05", "day05\day05.csproj", "{A8F1C156-96EE-4052-AC1A-A7066CD43918}"
EndProject
Project("{FAE04EC0-301F-11D3-BF4B-00C04F79EFBC}") = "day06", "day06\day06.csproj", "{134BF912-1FC1-4312-B958-273081C71DC6}"
EndProject
Project("{FAE04EC0-301F-11D3-BF4B-00C04F79EFBC}") = "day07", "day07\day07.csproj", "{6BA786FD-2282-4EC1-8E82-4496A33C450A}"
EndProject
Project("{FAE04EC0-301F-11D3-BF4B-00C04F79EFBC}") = "day08", "day08\day08.csproj", "{6844C550-B1F6-48EA-947A-88A6294C1C9A}"
EndProject
Project("{FAE04EC0-301F-11D3-BF4B-00C04F79EFBC}") = "day09", "day09\day09.csproj", "{D20CCE89-28E0-4B6D-AF17-0D08843CD4A3}"
EndProject
Project("{FAE04EC0-301F-11D3-BF4B-00C04F79EFBC}") = "day10", "day10\day10.csproj", "{AC3688D4-EC48-4331-86A7-BCC04317D5BD}"
EndProject
Project("{FAE04EC0-301F-11D3-BF4B-00C04F79EFBC}") = "day11", "day11\day11.csproj", "{E9B52A53-45CC-4973-A514-C13699E6292A}"
EndProject
Project("{FAE04EC0-301F-11D3-BF4B-00C04F79EFBC}") = "day12", "day12\day12.csproj", "{015487FF-4A16-484A-AB28-73D5B7B445FA}"
EndProject
Project("{FAE04EC0-301F-11D3-BF4B-00C04F79EFBC}") = "day13", "day13\day13.csproj", "{EFB1D332-9A83-4FC7-825B-2617960713FA}"
EndProject
Global
	GlobalSection(SolutionConfigurationPlatforms) = preSolution
		Debug|Any CPU = Debug|Any CPU
		Release|Any CPU = Release|Any CPU
	EndGlobalSection
	GlobalSection(ProjectConfigurationPlatforms) = postSolution
		{6214E7F6-351F-4A59-843C-2AF0718FA4DE}.Debug|Any CPU.ActiveCfg = Debug|Any CPU
		{6214E7F6-351F-4A59-843C-2AF0718FA4DE}.Debug|Any CPU.Build.0 = Debug|Any CPU
		{6214E7F6-351F-4A59-843C-2AF0718FA4DE}.Release|Any CPU.ActiveCfg = Release|Any CPU
		{6214E7F6-351F-4A59-843C-2AF0718FA4DE}.Release|Any CPU.Build.0 = Release|Any CPU
		{D8B3DAB0-E46F-4D16-A201-AFE4227D996C}.Debug|Any CPU.ActiveCfg = Debug|Any CPU
		{D8B3DAB0-E46F-4D16-A201-AFE4227D996C}.Debug|Any CPU.Build.0 = Debug|Any CPU
		{D8B3DAB0-E46F-4D16-A201-AFE4227D996C}.Release|Any CPU.ActiveCfg = Release|Any CPU
		{D8B3DAB0-E46F-4D16-A201-AFE4227D996C}.Release|Any CPU.Build.0 = Release|Any CPU
		{957F5D3F-81C3-47E4-ADA7-FF069B02FB63}.Debug|Any CPU.ActiveCfg = Debug|Any CPU
		{957F5D3F-81C3-47E4-ADA7-FF069B02FB63}.Debug|Any CPU.Build.0 = Debug|Any CPU
		{957F5D3F-81C3-47E4-ADA7-FF069B02FB63}.Release|Any CPU.ActiveCfg = Release|Any CPU
		{957F5D3F-81C3-47E4-ADA7-FF069B02FB63}.Release|Any CPU.Build.0 = Release|Any CPU
		{13E2C3DE-6FAE-421B-93C6-D25D27C4082C}.Debug|Any CPU.ActiveCfg = Debug|Any CPU
		{13E2C3DE-6FAE-421B-93C6-D25D27C4082C}.Debug|Any CPU.Build.0 = Debug|Any CPU
		{13E2C3DE-6FAE-421B-93C6-D25D27C4082C}.Release|Any CPU.ActiveCfg = Release|Any CPU
		{13E2C3DE-6FAE-421B-93C6-D25D27C4082C}.Release|Any CPU.Build.0 = Release|Any CPU
		{A8F1C156-96EE-4052-AC1A-A7066CD43918}.Debug|Any CPU.ActiveCfg = Debug|Any CPU
		{A8F1C156-96EE-4052-AC1A-A7066CD43918}.Debug|Any CPU.Build.0 = Debug|Any CPU
		{A8F1C156-96EE-4052-AC1A-A7066CD43918}.Release|Any CPU.ActiveCfg = Release|Any CPU
		{A8F1C156-96EE-4052-AC1A-A7066CD43918}.Release|Any CPU.Build.0 = Release|Any CPU
		{134BF912-1FC1-4312-B958-273081C71DC6}.Debug|Any CPU.ActiveCfg = Debug|Any CPU
		{134BF912-1FC1-4312-B958-273081C71DC6}.Debug|Any CPU.Build.0 = Debug|Any CPU
		{134BF912-1FC1-4312-B958-273081C71DC6}.Release|Any CPU.ActiveCfg = Release|Any CPU
		{134BF912-1FC1-4312-B958-273081C71DC6}.Release|Any CPU.Build.0 = Release|Any CPU
		{6BA786FD-2282-4EC1-8E82-4496A33C450A}.Debug|Any CPU.ActiveCfg = Debug|Any CPU
		{6BA786FD-2282-4EC1-8E82-4496A33C450A}.Debug|Any CPU.Build.0 = Debug|Any CPU
		{6BA786FD-2282-4EC1-8E82-4496A33C450A}.Release|Any CPU.ActiveCfg = Release|Any CPU
		{6BA786FD-2282-4EC1-8E82-4496A33C450A}.Release|Any CPU.Build.0 = Release|Any CPU
		{6844C550-B1F6-48EA-947A-88A6294C1C9A}.Debug|Any CPU.ActiveCfg = Debug|Any CPU
		{6844C550-B1F6-48EA-947A-88A6294C1C9A}.Debug|Any CPU.Build.0 = Debug|Any CPU
		{6844C550-B1F6-48EA-947A-88A6294C1C9A}.Release|Any CPU.ActiveCfg = Release|Any CPU
		{6844C550-B1F6-48EA-947A-88A6294C1C9A}.Release|Any CPU.Build.0 = Release|Any CPU
		{D20CCE89-28E0-4B6D-AF17-0D08843CD4A3}.Debug|Any CPU.ActiveCfg = Debug|Any CPU
		{D20CCE89-28E0-4B6D-AF17-0D08843CD4A3}.Debug|Any CPU.Build.0 = Debug|Any CPU
		{D20CCE89-28E0-4B6D-AF17-0D08843CD4A3}.Release|Any CPU.ActiveCfg = Release|Any CPU
		{D20CCE89-28E0-4B6D-AF17-0D08843CD4A3}.Release|Any CPU.Build.0 = Release|Any CPU
		{AC3688D4-EC48-4331-86A7-BCC04317D5BD}.Debug|Any CPU.ActiveCfg = Debug|Any CPU
		{AC3688D4-EC48-4331-86A7-BCC04317D5BD}.Debug|Any CPU.Build.0 = Debug|Any CPU
		{AC3688D4-EC48-4331-86A7-BCC04317D5BD}.Release|Any CPU.ActiveCfg = Release|Any CPU
		{AC3688D4-EC48-4331-86A7-BCC04317D5BD}.Release|Any CPU.Build.0 = Release|Any CPU
		{E9B52A53-45CC-4973-A514-C13699E6292A}.Debug|Any CPU.ActiveCfg = Debug|Any CPU
		{E9B52A53-45CC-4973-A514-C13699E6292A}.Debug|Any CPU.Build.0 = Debug|Any CPU
		{E9B52A53-45CC-4973-A514-C13699E6292A}.Release|Any CPU.ActiveCfg = Release|Any CPU
		{E9B52A53-45CC-4973-A514-C13699E6292A}.Release|Any CPU.Build.0 = Release|Any CPU
		{015487FF-4A16-484A-AB28-73D5B7B445FA}.Debug|Any CPU.ActiveCfg = Debug|Any CPU
		{015487FF-4A16-484A-AB28-73D5B7B445FA}.Debug|Any CPU.Build.0 = Debug|Any CPU
		{015487FF-4A16-484A-AB28-73D5B7B445FA}.Release|Any CPU.ActiveCfg = Release|Any CPU
		{015487FF-4A16-484A-AB28-73D5B7B445FA}.Release|Any CPU.Build.0 = Release|Any CPU
		{EFB1D332-9A83-4FC7-825B-2617960713FA}.Debug|Any CPU.ActiveCfg = Debug|Any CPU
		{EFB1D332-9A83-4FC7-825B-2617960713FA}.Debug|Any CPU.Build.0 = Debug|Any CPU
		{EFB1D332-9A83-4FC7-825B-2617960713FA}.Release|Any CPU.ActiveCfg = Release|Any CPU
		{EFB1D332-9A83-4FC7-825B-2617960713FA}.Release|Any CPU.Build.0 = Release|Any CPU
	EndGlobalSection
	GlobalSection(SolutionProperties) = preSolution
		HideSolutionNode = FALSE
	EndGlobalSection
	GlobalSection(ExtensibilityGlobals) = postSolution
		SolutionGuid = {501F97FB-19C2-4B2C-806B-CF7F803B89C5}
	EndGlobalSection
EndGlobal
